
Microsoft Visual Studio Solution File, Format Version 12.00
# Visual Studio 15
VisualStudioVersion = 15.0.28307.136
MinimumVisualStudioVersion = 10.0.40219.1
Project("{6EC3EE1D-3C4E-46DD-8F32-0CC8E7565705}") = "3MoeSite", "3MoeSite\3MoeSite.fsproj", "{9835017A-CE0C-4300-9DFC-CBE67AD006D3}"
EndProject
Project("{9A19103F-16F7-4668-BE54-9A1E7A4F7556}") = "WGApiDataProvider", "DataProvider\WGApiDataProvider.csproj", "{3F294EBB-E3CB-4FD4-AABF-82B1E4A4608B}"
EndProject
Project("{9A19103F-16F7-4668-BE54-9A1E7A4F7556}") = "WGApiClient", "WGApiWrapper\src\WGApiClient.csproj", "{776F4788-87F4-4694-9B72-CD002B3933E2}"
EndProject
Global
	GlobalSection(SolutionConfigurationPlatforms) = preSolution
		Debug|Any CPU = Debug|Any CPU
		Release|Any CPU = Release|Any CPU
	EndGlobalSection
	GlobalSection(ProjectConfigurationPlatforms) = postSolution
		{9835017A-CE0C-4300-9DFC-CBE67AD006D3}.Debug|Any CPU.ActiveCfg = Debug|Any CPU
		{9835017A-CE0C-4300-9DFC-CBE67AD006D3}.Debug|Any CPU.Build.0 = Debug|Any CPU
		{9835017A-CE0C-4300-9DFC-CBE67AD006D3}.Release|Any CPU.ActiveCfg = Release|Any CPU
		{9835017A-CE0C-4300-9DFC-CBE67AD006D3}.Release|Any CPU.Build.0 = Release|Any CPU
		{3F294EBB-E3CB-4FD4-AABF-82B1E4A4608B}.Debug|Any CPU.ActiveCfg = Debug|Any CPU
		{3F294EBB-E3CB-4FD4-AABF-82B1E4A4608B}.Debug|Any CPU.Build.0 = Debug|Any CPU
		{3F294EBB-E3CB-4FD4-AABF-82B1E4A4608B}.Release|Any CPU.ActiveCfg = Release|Any CPU
		{3F294EBB-E3CB-4FD4-AABF-82B1E4A4608B}.Release|Any CPU.Build.0 = Release|Any CPU
		{776F4788-87F4-4694-9B72-CD002B3933E2}.Debug|Any CPU.ActiveCfg = Debug|Any CPU
		{776F4788-87F4-4694-9B72-CD002B3933E2}.Debug|Any CPU.Build.0 = Debug|Any CPU
		{776F4788-87F4-4694-9B72-CD002B3933E2}.Release|Any CPU.ActiveCfg = Release|Any CPU
		{776F4788-87F4-4694-9B72-CD002B3933E2}.Release|Any CPU.Build.0 = Release|Any CPU
	EndGlobalSection
	GlobalSection(SolutionProperties) = preSolution
		HideSolutionNode = FALSE
	EndGlobalSection
	GlobalSection(ExtensibilityGlobals) = postSolution
		SolutionGuid = {BF71B634-C70A-4979-88DD-C337A6B7CB1D}
	EndGlobalSection
EndGlobal
